
Microsoft Visual Studio Solution File, Format Version 12.00
# Visual Studio Version 16
VisualStudioVersion = 16.0.30523.141
MinimumVisualStudioVersion = 10.0.40219.1
Project("{9A19103F-16F7-4668-BE54-9A1E7A4F7556}") = "Zadaca 1", "Zadaca 1\Zadaca 1.csproj", "{B1FD6BA6-ACE1-4291-BED8-6B403C581D55}"
EndProject
Project("{9A19103F-16F7-4668-BE54-9A1E7A4F7556}") = "Episodes", "Episodes\Episodes.csproj", "{C2637F2A-A4D8-4584-A9F3-F67DC1C954E8}"
EndProject
Global
	GlobalSection(SolutionConfigurationPlatforms) = preSolution
		Debug|Any CPU = Debug|Any CPU
		Release|Any CPU = Release|Any CPU
	EndGlobalSection
	GlobalSection(ProjectConfigurationPlatforms) = postSolution
		{B1FD6BA6-ACE1-4291-BED8-6B403C581D55}.Debug|Any CPU.ActiveCfg = Debug|Any CPU
		{B1FD6BA6-ACE1-4291-BED8-6B403C581D55}.Debug|Any CPU.Build.0 = Debug|Any CPU
		{B1FD6BA6-ACE1-4291-BED8-6B403C581D55}.Release|Any CPU.ActiveCfg = Release|Any CPU
		{B1FD6BA6-ACE1-4291-BED8-6B403C581D55}.Release|Any CPU.Build.0 = Release|Any CPU
		{C2637F2A-A4D8-4584-A9F3-F67DC1C954E8}.Debug|Any CPU.ActiveCfg = Debug|Any CPU
		{C2637F2A-A4D8-4584-A9F3-F67DC1C954E8}.Debug|Any CPU.Build.0 = Debug|Any CPU
		{C2637F2A-A4D8-4584-A9F3-F67DC1C954E8}.Release|Any CPU.ActiveCfg = Release|Any CPU
		{C2637F2A-A4D8-4584-A9F3-F67DC1C954E8}.Release|Any CPU.Build.0 = Release|Any CPU
	EndGlobalSection
	GlobalSection(SolutionProperties) = preSolution
		HideSolutionNode = FALSE
	EndGlobalSection
	GlobalSection(ExtensibilityGlobals) = postSolution
		SolutionGuid = {C7C1CFDA-2F79-4EB3-9928-3C3F2814F1D9}
	EndGlobalSection
EndGlobal
